
Microsoft Visual Studio Solution File, Format Version 12.00
# Visual Studio Version 17
VisualStudioVersion = 17.12.35707.178 d17.12
MinimumVisualStudioVersion = 10.0.40219.1
Project("{FAE04EC0-301F-11D3-BF4B-00C04F79EFBC}") = "GradeProcessor.CLI", "GradeProcessor.CLI\GradeProcessor.CLI.csproj", "{9E7A9291-ACD2-489D-90D7-B5B434AD9D62}"
EndProject
Project("{FAE04EC0-301F-11D3-BF4B-00C04F79EFBC}") = "GradeProcessor.Core", "GradeProcessor.Core\GradeProcessor.Core.csproj", "{A5D70798-9092-4321-86EC-57E1BA8E434A}"
EndProject
Project("{FAE04EC0-301F-11D3-BF4B-00C04F79EFBC}") = "GradeProcessor.Tests", "GradeProcessor.Tests\GradeProcessor.Tests.csproj", "{77CA26F0-CFC1-4434-BD18-6D5F49A4FE0D}"
EndProject
Global
	GlobalSection(SolutionConfigurationPlatforms) = preSolution
		Debug|Any CPU = Debug|Any CPU
		Release|Any CPU = Release|Any CPU
	EndGlobalSection
	GlobalSection(ProjectConfigurationPlatforms) = postSolution
		{9E7A9291-ACD2-489D-90D7-B5B434AD9D62}.Debug|Any CPU.ActiveCfg = Debug|Any CPU
		{9E7A9291-ACD2-489D-90D7-B5B434AD9D62}.Debug|Any CPU.Build.0 = Debug|Any CPU
		{9E7A9291-ACD2-489D-90D7-B5B434AD9D62}.Release|Any CPU.ActiveCfg = Release|Any CPU
		{9E7A9291-ACD2-489D-90D7-B5B434AD9D62}.Release|Any CPU.Build.0 = Release|Any CPU
		{A5D70798-9092-4321-86EC-57E1BA8E434A}.Debug|Any CPU.ActiveCfg = Debug|Any CPU
		{A5D70798-9092-4321-86EC-57E1BA8E434A}.Debug|Any CPU.Build.0 = Debug|Any CPU
		{A5D70798-9092-4321-86EC-57E1BA8E434A}.Release|Any CPU.ActiveCfg = Release|Any CPU
		{A5D70798-9092-4321-86EC-57E1BA8E434A}.Release|Any CPU.Build.0 = Release|Any CPU
		{77CA26F0-CFC1-4434-BD18-6D5F49A4FE0D}.Debug|Any CPU.ActiveCfg = Debug|Any CPU
		{77CA26F0-CFC1-4434-BD18-6D5F49A4FE0D}.Debug|Any CPU.Build.0 = Debug|Any CPU
		{77CA26F0-CFC1-4434-BD18-6D5F49A4FE0D}.Release|Any CPU.ActiveCfg = Release|Any CPU
		{77CA26F0-CFC1-4434-BD18-6D5F49A4FE0D}.Release|Any CPU.Build.0 = Release|Any CPU
	EndGlobalSection
	GlobalSection(SolutionProperties) = preSolution
		HideSolutionNode = FALSE
	EndGlobalSection
EndGlobal
